{
  "name": "@ecomm/logger",
  "version": "0.1.0",
  "lockfileVersion": 3,
  "requires": true,
  "packages": {
    "": {
      "name": "@ecomm/logger",
      "version": "0.1.0",
      "dependencies": {
        "@opentelemetry/api": "^1.9.0",
        "@opentelemetry/auto-instrumentations-node": "^0.41.1",
        "@opentelemetry/exporter-logs-otlp-http": "^0.45.1",
        "@opentelemetry/resources": "^1.18.0",
        "@opentelemetry/sdk-logs": "^0.45.1",
        "@opentelemetry/sdk-node": "^0.45.1",
        "@opentelemetry/semantic-conventions": "^1.18.0",
        "winston": "^3.11.0"
      },
      "devDependencies": {
        "nodemon": "^3.0.2"
      }
    },
    "../../node_modules/.pnpm/@opentelemetry+auto-instrum_de06a8a574c9163272dfadc5f9799c3e/node_modules/@opentelemetry/auto-instrumentations-node": {
      "version": "0.41.1",
      "license": "Apache-2.0",
      "dependencies": {
        "@opentelemetry/instrumentation": "^0.48.0",
        "@opentelemetry/instrumentation-amqplib": "^0.34.0",
        "@opentelemetry/instrumentation-aws-lambda": "^0.38.0",
        "@opentelemetry/instrumentation-aws-sdk": "^0.38.1",
        "@opentelemetry/instrumentation-bunyan": "^0.35.0",
        "@opentelemetry/instrumentation-cassandra-driver": "^0.35.0",
        "@opentelemetry/instrumentation-connect": "^0.33.0",
        "@opentelemetry/instrumentation-cucumber": "^0.3.0",
        "@opentelemetry/instrumentation-dataloader": "^0.6.0",
        "@opentelemetry/instrumentation-dns": "^0.33.0",
        "@opentelemetry/instrumentation-express": "^0.35.0",
        "@opentelemetry/instrumentation-fastify": "^0.33.0",
        "@opentelemetry/instrumentation-fs": "^0.9.0",
        "@opentelemetry/instrumentation-generic-pool": "^0.33.0",
        "@opentelemetry/instrumentation-graphql": "^0.37.0",
        "@opentelemetry/instrumentation-grpc": "^0.48.0",
        "@opentelemetry/instrumentation-hapi": "^0.34.0",
        "@opentelemetry/instrumentation-http": "^0.48.0",
        "@opentelemetry/instrumentation-ioredis": "^0.37.0",
        "@opentelemetry/instrumentation-knex": "^0.33.0",
        "@opentelemetry/instrumentation-koa": "^0.37.0",
        "@opentelemetry/instrumentation-lru-memoizer": "^0.34.0",
        "@opentelemetry/instrumentation-memcached": "^0.33.0",
        "@opentelemetry/instrumentation-mongodb": "^0.39.0",
        "@opentelemetry/instrumentation-mongoose": "^0.35.0",
        "@opentelemetry/instrumentation-mysql": "^0.35.0",
        "@opentelemetry/instrumentation-mysql2": "^0.35.0",
        "@opentelemetry/instrumentation-nestjs-core": "^0.34.0",
        "@opentelemetry/instrumentation-net": "^0.33.0",
        "@opentelemetry/instrumentation-pg": "^0.38.0",
        "@opentelemetry/instrumentation-pino": "^0.35.0",
        "@opentelemetry/instrumentation-redis": "^0.36.0",
        "@opentelemetry/instrumentation-redis-4": "^0.36.0",
        "@opentelemetry/instrumentation-restify": "^0.35.0",
        "@opentelemetry/instrumentation-router": "^0.34.0",
        "@opentelemetry/instrumentation-socket.io": "^0.36.0",
        "@opentelemetry/instrumentation-tedious": "^0.7.0",
        "@opentelemetry/instrumentation-winston": "^0.34.0",
        "@opentelemetry/resource-detector-alibaba-cloud": "^0.28.6",
        "@opentelemetry/resource-detector-aws": "^1.3.6",
        "@opentelemetry/resource-detector-container": "^0.3.6",
        "@opentelemetry/resource-detector-gcp": "^0.29.6",
        "@opentelemetry/resources": "^1.12.0",
        "@opentelemetry/sdk-node": "^0.48.0"
      },
      "devDependencies": {
        "@opentelemetry/api": "^1.4.1",
        "@types/mocha": "7.0.2",
        "@types/node": "18.6.5",
        "@types/sinon": "10.0.18",
        "mocha": "7.2.0",
        "nyc": "15.1.0",
        "rimraf": "5.0.5",
        "sinon": "15.2.0",
        "ts-mocha": "10.0.0",
        "typescript": "4.4.4"
      },
      "engines": {
        "node": ">=14"
      },
      "peerDependencies": {
        "@opentelemetry/api": "^1.4.1"
      }
    },
    "../../node_modules/.pnpm/@opentelemetry+exporter-log_2614734109541fe818082b9da459e44f/node_modules/@opentelemetry/exporter-logs-otlp-http": {
      "version": "0.45.1",
      "license": "Apache-2.0",
      "dependencies": {
        "@opentelemetry/api-logs": "0.45.1",
        "@opentelemetry/core": "1.18.1",
        "@opentelemetry/otlp-exporter-base": "0.45.1",
        "@opentelemetry/otlp-transformer": "0.45.1",
        "@opentelemetry/sdk-logs": "0.45.1"
      },
      "devDependencies": {
        "@babel/core": "7.22.20",
        "@opentelemetry/api": "1.7.0",
        "@opentelemetry/resources": "1.18.1",
        "@types/mocha": "10.0.3",
        "@types/node": "18.6.5",
        "@types/sinon": "10.0.20",
        "@types/webpack-env": "1.16.3",
        "babel-loader": "8.3.0",
        "babel-plugin-istanbul": "6.1.1",
        "codecov": "3.8.3",
        "cpx": "1.5.0",
        "cross-var": "1.1.0",
        "karma": "6.4.2",
        "karma-chrome-launcher": "3.1.0",
        "karma-coverage": "2.2.1",
        "karma-mocha": "2.0.1",
        "karma-spec-reporter": "0.0.36",
        "karma-webpack": "4.0.2",
        "lerna": "6.6.2",
        "mocha": "10.2.0",
        "nyc": "15.1.0",
        "sinon": "15.1.2",
        "ts-loader": "8.4.0",
        "ts-mocha": "10.0.0",
        "typescript": "4.4.4",
        "webpack": "4.46.0",
        "webpack-cli": "4.10.0",
        "webpack-merge": "5.9.0"
      },
      "engines": {
        "node": ">=14"
      },
      "peerDependencies": {
        "@opentelemetry/api": "^1.0.0"
      }
    },
    "../../node_modules/.pnpm/@opentelemetry+resources@1.30.1_@opentelemetry+api@1.7.0/node_modules/@opentelemetry/resources": {
      "version": "1.30.1",
      "license": "Apache-2.0",
      "dependencies": {
        "@opentelemetry/core": "1.30.1",
        "@opentelemetry/semantic-conventions": "1.28.0"
      },
      "devDependencies": {
        "@opentelemetry/api": ">=1.0.0 <1.10.0",
        "@opentelemetry/resources_1.9.0": "npm:@opentelemetry/resources@1.9.0",
        "@types/mocha": "10.0.10",
        "@types/node": "18.6.5",
        "@types/sinon": "17.0.3",
        "@types/webpack-env": "1.16.3",
        "cross-var": "1.1.0",
        "karma": "6.4.4",
        "karma-chrome-launcher": "3.1.0",
        "karma-coverage": "2.2.1",
        "karma-mocha": "2.0.1",
        "karma-mocha-webworker": "1.3.0",
        "karma-spec-reporter": "0.0.36",
        "karma-webpack": "5.0.1",
        "lerna": "6.6.2",
        "mocha": "10.8.2",
        "nock": "13.3.8",
        "nyc": "15.1.0",
        "sinon": "15.1.2",
        "typescript": "4.4.4",
        "webpack": "5.96.1",
        "webpack-cli": "5.1.4",
        "webpack-merge": "5.10.0"
      },
      "engines": {
        "node": ">=14"
      },
      "peerDependencies": {
        "@opentelemetry/api": ">=1.0.0 <1.10.0"
      }
    },
    "../../node_modules/.pnpm/@opentelemetry+sdk-logs@0.4_b8770a809961f409f9e86bb8c011d8ab/node_modules/@opentelemetry/sdk-logs": {
      "version": "0.45.1",
      "license": "Apache-2.0",
      "dependencies": {
        "@opentelemetry/core": "1.18.1",
        "@opentelemetry/resources": "1.18.1"
      },
      "devDependencies": {
        "@babel/core": "7.22.20",
        "@opentelemetry/api": ">=1.4.0 <1.8.0",
        "@opentelemetry/api-logs": "0.45.1",
        "@types/mocha": "10.0.3",
        "@types/node": "18.6.5",
        "@types/sinon": "10.0.20",
        "babel-plugin-istanbul": "6.1.1",
        "codecov": "3.8.3",
        "cross-var": "1.1.0",
        "karma": "6.4.2",
        "karma-chrome-launcher": "3.1.0",
        "karma-coverage": "2.2.1",
        "karma-mocha": "2.0.1",
        "karma-spec-reporter": "0.0.36",
        "karma-webpack": "4.0.2",
        "lerna": "6.6.2",
        "mocha": "10.2.0",
        "nyc": "15.1.0",
        "sinon": "15.1.2",
        "ts-loader": "8.4.0",
        "ts-mocha": "10.0.0",
        "typescript": "4.4.4",
        "webpack": "4.46.0",
        "webpack-cli": "4.10.0",
        "webpack-merge": "5.9.0"
      },
      "engines": {
        "node": ">=14"
      },
      "peerDependencies": {
        "@opentelemetry/api": ">=1.4.0 <1.8.0",
        "@opentelemetry/api-logs": ">=0.39.1"
      }
    },
    "../../node_modules/.pnpm/@opentelemetry+sdk-node@0.45.1_@opentelemetry+api@1.7.0/node_modules/@opentelemetry/sdk-node": {
      "version": "0.45.1",
      "license": "Apache-2.0",
      "dependencies": {
        "@opentelemetry/api-logs": "0.45.1",
        "@opentelemetry/core": "1.18.1",
        "@opentelemetry/exporter-trace-otlp-grpc": "0.45.1",
        "@opentelemetry/exporter-trace-otlp-http": "0.45.1",
        "@opentelemetry/exporter-trace-otlp-proto": "0.45.1",
        "@opentelemetry/exporter-zipkin": "1.18.1",
        "@opentelemetry/instrumentation": "0.45.1",
        "@opentelemetry/resources": "1.18.1",
        "@opentelemetry/sdk-logs": "0.45.1",
        "@opentelemetry/sdk-metrics": "1.18.1",
        "@opentelemetry/sdk-trace-base": "1.18.1",
        "@opentelemetry/sdk-trace-node": "1.18.1",
        "@opentelemetry/semantic-conventions": "1.18.1"
      },
      "devDependencies": {
        "@opentelemetry/api": "1.7.0",
        "@opentelemetry/context-async-hooks": "1.18.1",
        "@opentelemetry/exporter-jaeger": "1.18.1",
        "@types/mocha": "10.0.3",
        "@types/node": "18.6.5",
        "@types/semver": "7.5.4",
        "@types/sinon": "10.0.20",
        "codecov": "3.8.3",
        "cross-var": "1.1.0",
        "lerna": "6.6.2",
        "mocha": "10.2.0",
        "nyc": "15.1.0",
        "semver": "7.5.4",
        "sinon": "15.1.2",
        "ts-loader": "8.4.0",
        "ts-mocha": "10.0.0",
        "typescript": "4.4.4"
      },
      "engines": {
        "node": ">=14"
      },
      "peerDependencies": {
        "@opentelemetry/api": ">=1.3.0 <1.8.0"
      }
    },
    "../../node_modules/.pnpm/@opentelemetry+semantic-conventions@1.38.0/node_modules/@opentelemetry/semantic-conventions": {
      "version": "1.38.0",
      "license": "Apache-2.0",
      "devDependencies": {
        "@size-limit/file": "^11.0.1",
        "@size-limit/time": "^11.0.1",
        "@size-limit/webpack": "^11.0.1",
        "@types/mocha": "10.0.10",
        "@types/node": "^14.18.63",
        "@types/sinon": "17.0.4",
        "mocha": "11.7.4",
        "nock": "13.5.6",
        "nyc": "17.1.0",
        "sinon": "18.0.1",
        "size-limit": "^11.0.1",
        "ts-node": "10.9.2",
        "typescript": "5.0.4"
      },
      "engines": {
        "node": ">=14"
      }
    },
    "../../node_modules/.pnpm/nodemon@3.1.11/node_modules/nodemon": {
      "version": "3.1.11",
      "dev": true,
      "license": "MIT",
      "dependencies": {
        "chokidar": "^3.5.2",
        "debug": "^4",
        "ignore-by-default": "^1.0.1",
        "minimatch": "^3.1.2",
        "pstree.remy": "^1.1.8",
        "semver": "^7.5.3",
        "simple-update-notifier": "^2.0.0",
        "supports-color": "^5.5.0",
        "touch": "^3.1.0",
        "undefsafe": "^2.0.5"
      },
      "bin": {
        "nodemon": "bin/nodemon.js"
      },
      "devDependencies": {
        "@commitlint/cli": "^11.0.0",
        "@commitlint/config-conventional": "^11.0.0",
        "async": "1.4.2",
        "coffee-script": "~1.7.1",
        "eslint": "^7.32.0",
        "husky": "^7.0.4",
        "mocha": "^2.5.3",
        "nyc": "^15.1.0",
        "proxyquire": "^1.8.0",
        "semantic-release": "^18.0.0",
        "should": "~4.0.0"
      },
      "engines": {
        "node": ">=10"
      },
      "funding": {
        "type": "opencollective",
        "url": "https://opencollective.com/nodemon"
      }
    },
    "../../node_modules/.pnpm/winston@3.18.3/node_modules/winston": {
      "version": "3.18.3",
      "license": "MIT",
      "dependencies": {
        "@colors/colors": "^1.6.0",
        "@dabh/diagnostics": "^2.0.8",
        "async": "^3.2.3",
        "is-stream": "^2.0.0",
        "logform": "^2.7.0",
        "one-time": "^1.0.0",
        "readable-stream": "^3.4.0",
        "safe-stable-stringify": "^2.3.1",
        "stack-trace": "0.0.x",
        "triple-beam": "^1.3.0",
        "winston-transport": "^4.9.0"
      },
      "devDependencies": {
        "@babel/cli": "^7.23.9",
        "@babel/core": "^7.24.0",
        "@babel/preset-env": "^7.24.0",
        "@dabh/eslint-config-populist": "^4.4.0",
        "@types/node": "^20.11.24",
        "abstract-winston-transport": "^0.5.1",
        "assume": "^2.2.0",
        "cross-spawn-async": "^2.2.5",
        "eslint": "^8.57.0",
        "hock": "^1.4.1",
        "mocha": "^10.3.0",
        "nyc": "^17.1.0",
        "rimraf": "5.0.1",
        "split2": "^4.1.0",
        "std-mocks": "^2.0.0",
        "through2": "^4.0.2",
        "winston-compat": "^0.1.5"
      },
      "engines": {
        "node": ">= 12.0.0"
      }
    },
    "node_modules/@opentelemetry/api": {
      "version": "1.9.0",
      "resolved": "https://registry.npmjs.org/@opentelemetry/api/-/api-1.9.0.tgz",
      "integrity": "sha512-3giAOQvZiH5F9bMlMiv8+GSPMeqg0dbaeo58/0SlA9sxSqZhnUtxzX9/2FzyhS9sWQf5S0GJE0AKBrFqjpeYcg==",
      "license": "Apache-2.0",
      "engines": {
        "node": ">=8.0.0"
      }
    },
    "node_modules/@opentelemetry/auto-instrumentations-node": {
      "resolved": "../../node_modules/.pnpm/@opentelemetry+auto-instrum_de06a8a574c9163272dfadc5f9799c3e/node_modules/@opentelemetry/auto-instrumentations-node",
      "link": true
    },
    "node_modules/@opentelemetry/exporter-logs-otlp-http": {
      "resolved": "../../node_modules/.pnpm/@opentelemetry+exporter-log_2614734109541fe818082b9da459e44f/node_modules/@opentelemetry/exporter-logs-otlp-http",
      "link": true
    },
    "node_modules/@opentelemetry/resources": {
      "resolved": "../../node_modules/.pnpm/@opentelemetry+resources@1.30.1_@opentelemetry+api@1.7.0/node_modules/@opentelemetry/resources",
      "link": true
    },
    "node_modules/@opentelemetry/sdk-logs": {
      "resolved": "../../node_modules/.pnpm/@opentelemetry+sdk-logs@0.4_b8770a809961f409f9e86bb8c011d8ab/node_modules/@opentelemetry/sdk-logs",
      "link": true
    },
    "node_modules/@opentelemetry/sdk-node": {
      "resolved": "../../node_modules/.pnpm/@opentelemetry+sdk-node@0.45.1_@opentelemetry+api@1.7.0/node_modules/@opentelemetry/sdk-node",
      "link": true
    },
    "node_modules/@opentelemetry/semantic-conventions": {
      "resolved": "../../node_modules/.pnpm/@opentelemetry+semantic-conventions@1.38.0/node_modules/@opentelemetry/semantic-conventions",
      "link": true
    },
    "node_modules/nodemon": {
      "resolved": "../../node_modules/.pnpm/nodemon@3.1.11/node_modules/nodemon",
      "link": true
    },
    "node_modules/winston": {
      "resolved": "../../node_modules/.pnpm/winston@3.18.3/node_modules/winston",
      "link": true
    }
  }
}
